
Microsoft Visual Studio Solution File, Format Version 12.00
# Visual Studio Version 17
VisualStudioVersion = 17.6.33723.286
MinimumVisualStudioVersion = 10.0.40219.1
Project("{FAE04EC0-301F-11D3-BF4B-00C04F79EFBC}") = "GamingWebsiteBE", "GamingWebsiteBE.csproj", "{90A057BD-016C-4120-B114-34FEE15C199E}"
EndProject
Global
	GlobalSection(SolutionConfigurationPlatforms) = preSolution
		Debug|Any CPU = Debug|Any CPU
		Release|Any CPU = Release|Any CPU
	EndGlobalSection
	GlobalSection(ProjectConfigurationPlatforms) = postSolution
		{90A057BD-016C-4120-B114-34FEE15C199E}.Debug|Any CPU.ActiveCfg = Debug|Any CPU
		{90A057BD-016C-4120-B114-34FEE15C199E}.Debug|Any CPU.Build.0 = Debug|Any CPU
		{90A057BD-016C-4120-B114-34FEE15C199E}.Release|Any CPU.ActiveCfg = Release|Any CPU
		{90A057BD-016C-4120-B114-34FEE15C199E}.Release|Any CPU.Build.0 = Release|Any CPU
	EndGlobalSection
	GlobalSection(SolutionProperties) = preSolution
		HideSolutionNode = FALSE
	EndGlobalSection
	GlobalSection(ExtensibilityGlobals) = postSolution
		SolutionGuid = {C3F41514-CBCF-46C7-97A8-8B10ECD988D9}
	EndGlobalSection
EndGlobal
